
Microsoft Visual Studio Solution File, Format Version 12.00
# Visual Studio Version 16
VisualStudioVersion = 16.0.30320.27
MinimumVisualStudioVersion = 10.0.40219.1
Project("{FAE04EC0-301F-11D3-BF4B-00C04F79EFBC}") = "ArduinoPCMonitoring", "ArduinoPCMonitoring\ArduinoPCMonitoring.csproj", "{3D7F32CC-686E-4876-822E-E79A0E6EF93E}"
EndProject
Global
	GlobalSection(SolutionConfigurationPlatforms) = preSolution
		Debug|Any CPU = Debug|Any CPU
		Release|Any CPU = Release|Any CPU
	EndGlobalSection
	GlobalSection(ProjectConfigurationPlatforms) = postSolution
		{3D7F32CC-686E-4876-822E-E79A0E6EF93E}.Debug|Any CPU.ActiveCfg = Debug|Any CPU
		{3D7F32CC-686E-4876-822E-E79A0E6EF93E}.Debug|Any CPU.Build.0 = Debug|Any CPU
		{3D7F32CC-686E-4876-822E-E79A0E6EF93E}.Release|Any CPU.ActiveCfg = Release|Any CPU
		{3D7F32CC-686E-4876-822E-E79A0E6EF93E}.Release|Any CPU.Build.0 = Release|Any CPU
	EndGlobalSection
	GlobalSection(SolutionProperties) = preSolution
		HideSolutionNode = FALSE
	EndGlobalSection
	GlobalSection(ExtensibilityGlobals) = postSolution
		SolutionGuid = {275BAB8F-F92E-4943-9962-D7E8F29302C4}
	EndGlobalSection
EndGlobal
